Microsoft Visual Studio Solution File, Format Version 12.00
# Visual Studio Version 17
VisualStudioVersion = 17.11.35208.52
MinimumVisualStudioVersion = 10.0.40219.1
Project("{9A19103F-16F7-4668-BE54-9A1E7A4F7556}") = "ElectricalCircuitSimulator", "ElectricalCircuitSimulator\ElectricalCircuitSimulator.csproj", "{60B3546C-0895-4933-8814-8A95CCD9CE83}"
EndProject
Project("{9A19103F-16F7-4668-BE54-9A1E7A4F7556}") = "UnitTests", "UnitTests\UnitTests.csproj", "{34EFA1AF-D6A4-44E6-BA1A-1CA59C2B2C02}"
EndProject
Project("{8BC9CEB8-8B4A-11D0-8D11-00A0C91BC942}") = "SimulationEngine", "SimulationEngine\SimulationEngine.vcxproj", "{FC6B0E6C-92B1-49B0-A562-DD53FE59E4A0}"
EndProject
Project("{8BC9CEB8-8B4A-11D0-8D11-00A0C91BC942}") = "SimulationEngineWrapper", "SimulationEngineWrapper\SimulationEngineWrapper.vcxproj", "{E18DBE9B-74B8-455B-883A-41A74485EEAF}"
EndProject
Global
	GlobalSection(SolutionConfigurationPlatforms) = preSolution
		Debug|Any CPU = Debug|Any CPU
		Debug|x64 = Debug|x64
		Debug|x86 = Debug|x86
		Release|Any CPU = Release|Any CPU
		Release|x64 = Release|x64
		Release|x86 = Release|x86
	EndGlobalSection
	GlobalSection(ProjectConfigurationPlatforms) = postSolution
		{60B3546C-0895-4933-8814-8A95CCD9CE83}.Debug|Any CPU.ActiveCfg = Debug|Any CPU
		{60B3546C-0895-4933-8814-8A95CCD9CE83}.Debug|Any CPU.Build.0 = Debug|Any CPU
		{60B3546C-0895-4933-8814-8A95CCD9CE83}.Debug|x64.ActiveCfg = Debug|Any CPU
		{60B3546C-0895-4933-8814-8A95CCD9CE83}.Debug|x64.Build.0 = Debug|Any CPU
		{60B3546C-0895-4933-8814-8A95CCD9CE83}.Debug|x86.ActiveCfg = Debug|Any CPU
		{60B3546C-0895-4933-8814-8A95CCD9CE83}.Debug|x86.Build.0 = Debug|Any CPU
		{60B3546C-0895-4933-8814-8A95CCD9CE83}.Release|Any CPU.ActiveCfg = Release|Any CPU
		{60B3546C-0895-4933-8814-8A95CCD9CE83}.Release|Any CPU.Build.0 = Release|Any CPU
		{60B3546C-0895-4933-8814-8A95CCD9CE83}.Release|x64.ActiveCfg = Release|Any CPU
		{60B3546C-0895-4933-8814-8A95CCD9CE83}.Release|x64.Build.0 = Release|Any CPU
		{60B3546C-0895-4933-8814-8A95CCD9CE83}.Release|x86.ActiveCfg = Release|Any CPU
		{60B3546C-0895-4933-8814-8A95CCD9CE83}.Release|x86.Build.0 = Release|Any CPU
		{34EFA1AF-D6A4-44E6-BA1A-1CA59C2B2C02}.Debug|Any CPU.ActiveCfg = Debug|Any CPU
		{34EFA1AF-D6A4-44E6-BA1A-1CA59C2B2C02}.Debug|Any CPU.Build.0 = Debug|Any CPU
		{34EFA1AF-D6A4-44E6-BA1A-1CA59C2B2C02}.Debug|x64.ActiveCfg = Debug|Any CPU
		{34EFA1AF-D6A4-44E6-BA1A-1CA59C2B2C02}.Debug|x64.Build.0 = Debug|Any CPU
		{34EFA1AF-D6A4-44E6-BA1A-1CA59C2B2C02}.Debug|x86.ActiveCfg = Debug|Any CPU
		{34EFA1AF-D6A4-44E6-BA1A-1CA59C2B2C02}.Debug|x86.Build.0 = Debug|Any CPU
		{34EFA1AF-D6A4-44E6-BA1A-1CA59C2B2C02}.Release|Any CPU.ActiveCfg = Release|Any CPU
		{34EFA1AF-D6A4-44E6-BA1A-1CA59C2B2C02}.Release|Any CPU.Build.0 = Release|Any CPU
		{34EFA1AF-D6A4-44E6-BA1A-1CA59C2B2C02}.Release|x64.ActiveCfg = Release|Any CPU
		{34EFA1AF-D6A4-44E6-BA1A-1CA59C2B2C02}.Release|x64.Build.0 = Release|Any CPU
		{34EFA1AF-D6A4-44E6-BA1A-1CA59C2B2C02}.Release|x86.ActiveCfg = Release|Any CPU
		{34EFA1AF-D6A4-44E6-BA1A-1CA59C2B2C02}.Release|x86.Build.0 = Release|Any CPU
		{FC6B0E6C-92B1-49B0-A562-DD53FE59E4A0}.Debug|Any CPU.ActiveCfg = Debug|x64
		{FC6B0E6C-92B1-49B0-A562-DD53FE59E4A0}.Debug|Any CPU.Build.0 = Debug|x64
		{FC6B0E6C-92B1-49B0-A562-DD53FE59E4A0}.Debug|x64.ActiveCfg = Debug|x64
		{FC6B0E6C-92B1-49B0-A562-DD53FE59E4A0}.Debug|x64.Build.0 = Debug|x64
		{FC6B0E6C-92B1-49B0-A562-DD53FE59E4A0}.Debug|x86.ActiveCfg = Debug|Win32
		{FC6B0E6C-92B1-49B0-A562-DD53FE59E4A0}.Debug|x86.Build.0 = Debug|Win32
		{FC6B0E6C-92B1-49B0-A562-DD53FE59E4A0}.Release|Any CPU.ActiveCfg = Release|x64
		{FC6B0E6C-92B1-49B0-A562-DD53FE59E4A0}.Release|Any CPU.Build.0 = Release|x64
		{FC6B0E6C-92B1-49B0-A562-DD53FE59E4A0}.Release|x64.ActiveCfg = Release|x64
		{FC6B0E6C-92B1-49B0-A562-DD53FE59E4A0}.Release|x64.Build.0 = Release|x64
		{FC6B0E6C-92B1-49B0-A562-DD53FE59E4A0}.Release|x86.ActiveCfg = Release|Win32
		{FC6B0E6C-92B1-49B0-A562-DD53FE59E4A0}.Release|x86.Build.0 = Release|Win32
		{E18DBE9B-74B8-455B-883A-41A74485EEAF}.Debug|Any CPU.ActiveCfg = Debug|x64
		{E18DBE9B-74B8-455B-883A-41A74485EEAF}.Debug|Any CPU.Build.0 = Debug|x64
		{E18DBE9B-74B8-455B-883A-41A74485EEAF}.Debug|x64.ActiveCfg = Debug|x64
		{E18DBE9B-74B8-455B-883A-41A74485EEAF}.Debug|x64.Build.0 = Debug|x64
		{E18DBE9B-74B8-455B-883A-41A74485EEAF}.Debug|x86.ActiveCfg = Debug|Win32
		{E18DBE9B-74B8-455B-883A-41A74485EEAF}.Debug|x86.Build.0 = Debug|Win32
		{E18DBE9B-74B8-455B-883A-41A74485EEAF}.Release|Any CPU.ActiveCfg = Release|x64
		{E18DBE9B-74B8-455B-883A-41A74485EEAF}.Release|Any CPU.Build.0 = Release|x64
		{E18DBE9B-74B8-455B-883A-41A74485EEAF}.Release|x64.ActiveCfg = Release|x64
		{E18DBE9B-74B8-455B-883A-41A74485EEAF}.Release|x64.Build.0 = Release|x64
		{E18DBE9B-74B8-455B-883A-41A74485EEAF}.Release|x86.ActiveCfg = Release|Win32
		{E18DBE9B-74B8-455B-883A-41A74485EEAF}.Release|x86.Build.0 = Release|Win32
	EndGlobalSection
	GlobalSection(SolutionProperties) = preSolution
		HideSolutionNode = FALSE
	EndGlobalSection
	GlobalSection(ExtensibilityGlobals) = postSolution
		SolutionGuid = {55F8ED20-A98E-4BF9-9331-405E5129F60E}
	EndGlobalSection
EndGlobal
