
Microsoft Visual Studio Solution File, Format Version 12.00
# Visual Studio Version 17
VisualStudioVersion = 17.11.35208.52
MinimumVisualStudioVersion = 10.0.40219.1
Project("{9A19103F-16F7-4668-BE54-9A1E7A4F7556}") = "ElectricalCircuitSimulator", "ElectricalCircuitSimulator\ElectricalCircuitSimulator.csproj", "{60B3546C-0895-4933-8814-8A95CCD9CE83}"
EndProject
Project("{9A19103F-16F7-4668-BE54-9A1E7A4F7556}") = "UnitTests", "UnitTests\UnitTests.csproj", "{34EFA1AF-D6A4-44E6-BA1A-1CA59C2B2C02}"
EndProject
Project("{8BC9CEB8-8B4A-11D0-8D11-00A0C91BC942}") = "SimulationEngine", "SimulationEngine\SimulationEngine.vcxproj", "{FC6B0E6C-92B1-49B0-A562-DD53FE59E4A0}"
EndProject
Project("{8BC9CEB8-8B4A-11D0-8D11-00A0C91BC942}") = "SimulationEngineWrapper", "SimulationEngineWrapper\SimulationEngineWrapper.vcxproj", "{91B47255-3A6A-40BD-A73B-7406C393BB09}"
EndProject
Project("{8BC9CEB8-8B4A-11D0-8D11-00A0C91BC942}") = "SimulationEngineDebugger", "SimulationEngineDebugger\SimulationEngineDebugger.vcxproj", "{56FA7BE9-4CD3-4371-8A73-CC55AC36AF54}"
EndProject
Project("{8BC9CEB8-8B4A-11D0-8D11-00A0C91BC942}") = "SimulationEngineBindingsC", "SimulationEngineBindingsC\SimulationEngineBindingsC.vcxproj", "{5038509F-224A-49E0-89CF-1A6A79DE7D60}"
	ProjectSection(ProjectDependencies) = postProject
		{FC6B0E6C-92B1-49B0-A562-DD53FE59E4A0} = {FC6B0E6C-92B1-49B0-A562-DD53FE59E4A0}
	EndProjectSection
EndProject
Project("{FAE04EC0-301F-11D3-BF4B-00C04F79EFBC}") = "SimulationEngineBindingsCSharp", "SimulationEngineBindingsCSharp\SimulationEngineBindingsCSharp.csproj", "{CD461E89-A18A-4706-9F65-3B509F5FB963}"
EndProject
Global
	GlobalSection(SolutionConfigurationPlatforms) = preSolution
		Debug|Any CPU = Debug|Any CPU
		Debug|ARM64 = Debug|ARM64
		Debug|x64 = Debug|x64
		Debug|x86 = Debug|x86
		Release|Any CPU = Release|Any CPU
		Release|ARM64 = Release|ARM64
		Release|x64 = Release|x64
		Release|x86 = Release|x86
	EndGlobalSection
	GlobalSection(ProjectConfigurationPlatforms) = postSolution
		{60B3546C-0895-4933-8814-8A95CCD9CE83}.Debug|Any CPU.ActiveCfg = Debug|x64
		{60B3546C-0895-4933-8814-8A95CCD9CE83}.Debug|Any CPU.Build.0 = Debug|x64
		{60B3546C-0895-4933-8814-8A95CCD9CE83}.Debug|ARM64.ActiveCfg = Debug|x64
		{60B3546C-0895-4933-8814-8A95CCD9CE83}.Debug|ARM64.Build.0 = Debug|x64
		{60B3546C-0895-4933-8814-8A95CCD9CE83}.Debug|x64.ActiveCfg = Debug|x64
		{60B3546C-0895-4933-8814-8A95CCD9CE83}.Debug|x64.Build.0 = Debug|x64
		{60B3546C-0895-4933-8814-8A95CCD9CE83}.Debug|x86.ActiveCfg = Debug|x64
		{60B3546C-0895-4933-8814-8A95CCD9CE83}.Debug|x86.Build.0 = Debug|x64
		{60B3546C-0895-4933-8814-8A95CCD9CE83}.Release|Any CPU.ActiveCfg = Release|x64
		{60B3546C-0895-4933-8814-8A95CCD9CE83}.Release|Any CPU.Build.0 = Release|x64
		{60B3546C-0895-4933-8814-8A95CCD9CE83}.Release|ARM64.ActiveCfg = Release|x64
		{60B3546C-0895-4933-8814-8A95CCD9CE83}.Release|ARM64.Build.0 = Release|x64
		{60B3546C-0895-4933-8814-8A95CCD9CE83}.Release|x64.ActiveCfg = Release|x64
		{60B3546C-0895-4933-8814-8A95CCD9CE83}.Release|x64.Build.0 = Release|x64
		{60B3546C-0895-4933-8814-8A95CCD9CE83}.Release|x86.ActiveCfg = Release|x64
		{60B3546C-0895-4933-8814-8A95CCD9CE83}.Release|x86.Build.0 = Release|x64
		{34EFA1AF-D6A4-44E6-BA1A-1CA59C2B2C02}.Debug|Any CPU.ActiveCfg = Debug|x64
		{34EFA1AF-D6A4-44E6-BA1A-1CA59C2B2C02}.Debug|Any CPU.Build.0 = Debug|x64
		{34EFA1AF-D6A4-44E6-BA1A-1CA59C2B2C02}.Debug|ARM64.ActiveCfg = Debug|x64
		{34EFA1AF-D6A4-44E6-BA1A-1CA59C2B2C02}.Debug|ARM64.Build.0 = Debug|x64
		{34EFA1AF-D6A4-44E6-BA1A-1CA59C2B2C02}.Debug|x64.ActiveCfg = Debug|x64
		{34EFA1AF-D6A4-44E6-BA1A-1CA59C2B2C02}.Debug|x64.Build.0 = Debug|x64
		{34EFA1AF-D6A4-44E6-BA1A-1CA59C2B2C02}.Debug|x86.ActiveCfg = Debug|x64
		{34EFA1AF-D6A4-44E6-BA1A-1CA59C2B2C02}.Debug|x86.Build.0 = Debug|x64
		{34EFA1AF-D6A4-44E6-BA1A-1CA59C2B2C02}.Release|Any CPU.ActiveCfg = Release|x64
		{34EFA1AF-D6A4-44E6-BA1A-1CA59C2B2C02}.Release|Any CPU.Build.0 = Release|x64
		{34EFA1AF-D6A4-44E6-BA1A-1CA59C2B2C02}.Release|ARM64.ActiveCfg = Release|x64
		{34EFA1AF-D6A4-44E6-BA1A-1CA59C2B2C02}.Release|ARM64.Build.0 = Release|x64
		{34EFA1AF-D6A4-44E6-BA1A-1CA59C2B2C02}.Release|x64.ActiveCfg = Release|x64
		{34EFA1AF-D6A4-44E6-BA1A-1CA59C2B2C02}.Release|x64.Build.0 = Release|x64
		{34EFA1AF-D6A4-44E6-BA1A-1CA59C2B2C02}.Release|x86.ActiveCfg = Release|x64
		{34EFA1AF-D6A4-44E6-BA1A-1CA59C2B2C02}.Release|x86.Build.0 = Release|x64
		{FC6B0E6C-92B1-49B0-A562-DD53FE59E4A0}.Debug|Any CPU.ActiveCfg = Debug|x64
		{FC6B0E6C-92B1-49B0-A562-DD53FE59E4A0}.Debug|Any CPU.Build.0 = Debug|x64
		{FC6B0E6C-92B1-49B0-A562-DD53FE59E4A0}.Debug|ARM64.ActiveCfg = Debug|x64
		{FC6B0E6C-92B1-49B0-A562-DD53FE59E4A0}.Debug|ARM64.Build.0 = Debug|x64
		{FC6B0E6C-92B1-49B0-A562-DD53FE59E4A0}.Debug|x64.ActiveCfg = Debug|x64
		{FC6B0E6C-92B1-49B0-A562-DD53FE59E4A0}.Debug|x64.Build.0 = Debug|x64
		{FC6B0E6C-92B1-49B0-A562-DD53FE59E4A0}.Debug|x86.ActiveCfg = Debug|x64
		{FC6B0E6C-92B1-49B0-A562-DD53FE59E4A0}.Debug|x86.Build.0 = Debug|x64
		{FC6B0E6C-92B1-49B0-A562-DD53FE59E4A0}.Release|Any CPU.ActiveCfg = Release|x64
		{FC6B0E6C-92B1-49B0-A562-DD53FE59E4A0}.Release|Any CPU.Build.0 = Release|x64
		{FC6B0E6C-92B1-49B0-A562-DD53FE59E4A0}.Release|ARM64.ActiveCfg = Release|x64
		{FC6B0E6C-92B1-49B0-A562-DD53FE59E4A0}.Release|ARM64.Build.0 = Release|x64
		{FC6B0E6C-92B1-49B0-A562-DD53FE59E4A0}.Release|x64.ActiveCfg = Release|x64
		{FC6B0E6C-92B1-49B0-A562-DD53FE59E4A0}.Release|x64.Build.0 = Release|x64
		{FC6B0E6C-92B1-49B0-A562-DD53FE59E4A0}.Release|x86.ActiveCfg = Release|x64
		{FC6B0E6C-92B1-49B0-A562-DD53FE59E4A0}.Release|x86.Build.0 = Release|x64
		{91B47255-3A6A-40BD-A73B-7406C393BB09}.Debug|Any CPU.ActiveCfg = Debug|x64
		{91B47255-3A6A-40BD-A73B-7406C393BB09}.Debug|Any CPU.Build.0 = Debug|x64
		{91B47255-3A6A-40BD-A73B-7406C393BB09}.Debug|ARM64.ActiveCfg = Debug|x64
		{91B47255-3A6A-40BD-A73B-7406C393BB09}.Debug|ARM64.Build.0 = Debug|x64
		{91B47255-3A6A-40BD-A73B-7406C393BB09}.Debug|x64.ActiveCfg = Debug|x64
		{91B47255-3A6A-40BD-A73B-7406C393BB09}.Debug|x64.Build.0 = Debug|x64
		{91B47255-3A6A-40BD-A73B-7406C393BB09}.Debug|x86.ActiveCfg = Debug|x64
		{91B47255-3A6A-40BD-A73B-7406C393BB09}.Debug|x86.Build.0 = Debug|x64
		{91B47255-3A6A-40BD-A73B-7406C393BB09}.Release|Any CPU.ActiveCfg = Release|x64
		{91B47255-3A6A-40BD-A73B-7406C393BB09}.Release|Any CPU.Build.0 = Release|x64
		{91B47255-3A6A-40BD-A73B-7406C393BB09}.Release|ARM64.ActiveCfg = Release|x64
		{91B47255-3A6A-40BD-A73B-7406C393BB09}.Release|ARM64.Build.0 = Release|x64
		{91B47255-3A6A-40BD-A73B-7406C393BB09}.Release|x64.ActiveCfg = Release|x64
		{91B47255-3A6A-40BD-A73B-7406C393BB09}.Release|x64.Build.0 = Release|x64
		{91B47255-3A6A-40BD-A73B-7406C393BB09}.Release|x86.ActiveCfg = Release|x64
		{91B47255-3A6A-40BD-A73B-7406C393BB09}.Release|x86.Build.0 = Release|x64
		{56FA7BE9-4CD3-4371-8A73-CC55AC36AF54}.Debug|Any CPU.ActiveCfg = Debug|x64
		{56FA7BE9-4CD3-4371-8A73-CC55AC36AF54}.Debug|Any CPU.Build.0 = Debug|x64
		{56FA7BE9-4CD3-4371-8A73-CC55AC36AF54}.Debug|ARM64.ActiveCfg = Debug|x64
		{56FA7BE9-4CD3-4371-8A73-CC55AC36AF54}.Debug|ARM64.Build.0 = Debug|x64
		{56FA7BE9-4CD3-4371-8A73-CC55AC36AF54}.Debug|x64.ActiveCfg = Debug|x64
		{56FA7BE9-4CD3-4371-8A73-CC55AC36AF54}.Debug|x64.Build.0 = Debug|x64
		{56FA7BE9-4CD3-4371-8A73-CC55AC36AF54}.Debug|x86.ActiveCfg = Debug|x64
		{56FA7BE9-4CD3-4371-8A73-CC55AC36AF54}.Debug|x86.Build.0 = Debug|x64
		{56FA7BE9-4CD3-4371-8A73-CC55AC36AF54}.Release|Any CPU.ActiveCfg = Release|x64
		{56FA7BE9-4CD3-4371-8A73-CC55AC36AF54}.Release|Any CPU.Build.0 = Release|x64
		{56FA7BE9-4CD3-4371-8A73-CC55AC36AF54}.Release|ARM64.ActiveCfg = Release|x64
		{56FA7BE9-4CD3-4371-8A73-CC55AC36AF54}.Release|ARM64.Build.0 = Release|x64
		{56FA7BE9-4CD3-4371-8A73-CC55AC36AF54}.Release|x64.ActiveCfg = Release|x64
		{56FA7BE9-4CD3-4371-8A73-CC55AC36AF54}.Release|x86.ActiveCfg = Release|x64
		{56FA7BE9-4CD3-4371-8A73-CC55AC36AF54}.Release|x86.Build.0 = Release|x64
		{5038509F-224A-49E0-89CF-1A6A79DE7D60}.Debug|Any CPU.ActiveCfg = Debug|x64
		{5038509F-224A-49E0-89CF-1A6A79DE7D60}.Debug|Any CPU.Build.0 = Debug|x64
		{5038509F-224A-49E0-89CF-1A6A79DE7D60}.Debug|ARM64.ActiveCfg = Debug|ARM64
		{5038509F-224A-49E0-89CF-1A6A79DE7D60}.Debug|ARM64.Build.0 = Debug|ARM64
		{5038509F-224A-49E0-89CF-1A6A79DE7D60}.Debug|x64.ActiveCfg = Debug|x64
		{5038509F-224A-49E0-89CF-1A6A79DE7D60}.Debug|x64.Build.0 = Debug|x64
		{5038509F-224A-49E0-89CF-1A6A79DE7D60}.Debug|x86.ActiveCfg = Debug|Win32
		{5038509F-224A-49E0-89CF-1A6A79DE7D60}.Debug|x86.Build.0 = Debug|Win32
		{5038509F-224A-49E0-89CF-1A6A79DE7D60}.Release|Any CPU.ActiveCfg = Release|x64
		{5038509F-224A-49E0-89CF-1A6A79DE7D60}.Release|Any CPU.Build.0 = Release|x64
		{5038509F-224A-49E0-89CF-1A6A79DE7D60}.Release|ARM64.ActiveCfg = Release|ARM64
		{5038509F-224A-49E0-89CF-1A6A79DE7D60}.Release|ARM64.Build.0 = Release|ARM64
		{5038509F-224A-49E0-89CF-1A6A79DE7D60}.Release|x64.ActiveCfg = Release|x64
		{5038509F-224A-49E0-89CF-1A6A79DE7D60}.Release|x64.Build.0 = Release|x64
		{5038509F-224A-49E0-89CF-1A6A79DE7D60}.Release|x86.ActiveCfg = Release|Win32
		{5038509F-224A-49E0-89CF-1A6A79DE7D60}.Release|x86.Build.0 = Release|Win32
		{CD461E89-A18A-4706-9F65-3B509F5FB963}.Debug|Any CPU.ActiveCfg = Debug|Any CPU
		{CD461E89-A18A-4706-9F65-3B509F5FB963}.Debug|Any CPU.Build.0 = Debug|Any CPU
		{CD461E89-A18A-4706-9F65-3B509F5FB963}.Debug|ARM64.ActiveCfg = Debug|Any CPU
		{CD461E89-A18A-4706-9F65-3B509F5FB963}.Debug|ARM64.Build.0 = Debug|Any CPU
		{CD461E89-A18A-4706-9F65-3B509F5FB963}.Debug|x64.ActiveCfg = Debug|x64
		{CD461E89-A18A-4706-9F65-3B509F5FB963}.Debug|x64.Build.0 = Debug|x64
		{CD461E89-A18A-4706-9F65-3B509F5FB963}.Debug|x86.ActiveCfg = Debug|Any CPU
		{CD461E89-A18A-4706-9F65-3B509F5FB963}.Debug|x86.Build.0 = Debug|Any CPU
		{CD461E89-A18A-4706-9F65-3B509F5FB963}.Release|Any CPU.ActiveCfg = Release|Any CPU
		{CD461E89-A18A-4706-9F65-3B509F5FB963}.Release|Any CPU.Build.0 = Release|Any CPU
		{CD461E89-A18A-4706-9F65-3B509F5FB963}.Release|ARM64.ActiveCfg = Release|Any CPU
		{CD461E89-A18A-4706-9F65-3B509F5FB963}.Release|ARM64.Build.0 = Release|Any CPU
		{CD461E89-A18A-4706-9F65-3B509F5FB963}.Release|x64.ActiveCfg = Release|Any CPU
		{CD461E89-A18A-4706-9F65-3B509F5FB963}.Release|x64.Build.0 = Release|Any CPU
		{CD461E89-A18A-4706-9F65-3B509F5FB963}.Release|x86.ActiveCfg = Release|Any CPU
		{CD461E89-A18A-4706-9F65-3B509F5FB963}.Release|x86.Build.0 = Release|Any CPU
	EndGlobalSection
	GlobalSection(SolutionProperties) = preSolution
		HideSolutionNode = FALSE
	EndGlobalSection
	GlobalSection(ExtensibilityGlobals) = postSolution
		SolutionGuid = {55F8ED20-A98E-4BF9-9331-405E5129F60E}
	EndGlobalSection
EndGlobal
